
Microsoft Visual Studio Solution File, Format Version 12.00
# Visual Studio 15
VisualStudioVersion = 15.0.28307.168
MinimumVisualStudioVersion = 10.0.40219.1
Project("{FAE04EC0-301F-11D3-BF4B-00C04F79EFBC}") = "角色性别转换", "角色性别转换\角色性别转换.csproj", "{9F0075EA-7810-4413-BF03-5A4E8434991F}"
EndProject
Global
	GlobalSection(SolutionConfigurationPlatforms) = preSolution
		Debug|Any CPU = Debug|Any CPU
		Release|Any CPU = Release|Any CPU
	EndGlobalSection
	GlobalSection(ProjectConfigurationPlatforms) = postSolution
		{9F0075EA-7810-4413-BF03-5A4E8434991F}.Debug|Any CPU.ActiveCfg = Debug|Any CPU
		{9F0075EA-7810-4413-BF03-5A4E8434991F}.Debug|Any CPU.Build.0 = Debug|Any CPU
		{9F0075EA-7810-4413-BF03-5A4E8434991F}.Release|Any CPU.ActiveCfg = Release|Any CPU
		{9F0075EA-7810-4413-BF03-5A4E8434991F}.Release|Any CPU.Build.0 = Release|Any CPU
	EndGlobalSection
	GlobalSection(SolutionProperties) = preSolution
		HideSolutionNode = FALSE
	EndGlobalSection
	GlobalSection(ExtensibilityGlobals) = postSolution
		SolutionGuid = {0F3055EC-DBC0-409A-AAF2-944DCA24B9F1}
	EndGlobalSection
EndGlobal
